
Microsoft Visual Studio Solution File, Format Version 12.00
# Visual Studio Version 17
VisualStudioVersion = 17.14.37411.7 d17.14
MinimumVisualStudioVersion = 10.0.40219.1
Project("{FAE04EC0-301F-11D3-BF4B-00C04F79EFBC}") = "DBApplicationEFCore", "DBApplicationEFCore\DBApplicationEFCore.csproj", "{69E98638-1C5D-4A11-BAC2-35B8E746659C}"
EndProject
Global
	GlobalSection(SolutionConfigurationPlatforms) = preSolution
		Debug|Any CPU = Debug|Any CPU
		Release|Any CPU = Release|Any CPU
	EndGlobalSection
	GlobalSection(ProjectConfigurationPlatforms) = postSolution
		{69E98638-1C5D-4A11-BAC2-35B8E746659C}.Debug|Any CPU.ActiveCfg = Debug|Any CPU
		{69E98638-1C5D-4A11-BAC2-35B8E746659C}.Debug|Any CPU.Build.0 = Debug|Any CPU
		{69E98638-1C5D-4A11-BAC2-35B8E746659C}.Release|Any CPU.ActiveCfg = Release|Any CPU
		{69E98638-1C5D-4A11-BAC2-35B8E746659C}.Release|Any CPU.Build.0 = Release|Any CPU
	EndGlobalSection
	GlobalSection(SolutionProperties) = preSolution
		HideSolutionNode = FALSE
	EndGlobalSection
	GlobalSection(ExtensibilityGlobals) = postSolution
		SolutionGuid = {13B0A78F-9D4B-4819-839A-7F9CBBC4BD22}
	EndGlobalSection
EndGlobal
